
Microsoft Visual Studio Solution File, Format Version 12.00
# Visual Studio 2013
VisualStudioVersion = 12.0.40629.0
MinimumVisualStudioVersion = 10.0.40219.1
Project("{FAE04EC0-301F-11D3-BF4B-00C04F79EFBC}") = "Bm2s.Server", "Bm2s.Server\Bm2s.Server.csproj", "{01A1DC60-5F17-4570-BCD8-583836E6526A}"
EndProject
Project("{FAE04EC0-301F-11D3-BF4B-00C04F79EFBC}") = "Bm2s.Data.Common", "Bm2s.Data.Common\Bm2s.Data.Common.csproj", "{794DBDC4-A28E-488E-90BC-79526943B5DB}"
EndProject
Project("{FAE04EC0-301F-11D3-BF4B-00C04F79EFBC}") = "Bm2s.Data.POS", "Bm2s.Data.POS\Bm2s.Data.POS.csproj", "{1E8E6D58-0645-4097-B808-EA9B42692AD6}"
EndProject
Project("{2150E333-8FDC-42A3-9474-1A3956D46DE8}") = "Solution Items", "Solution Items", "{C4668311-1F39-4D91-9445-D4748A8362F3}"
	ProjectSection(SolutionItems) = preProject
		README.md = README.md
	EndProjectSection
EndProject
Project("{FAE04EC0-301F-11D3-BF4B-00C04F79EFBC}") = "Bm2s.Data.Project", "Bm2s.Data.Project\Bm2s.Data.Project.csproj", "{3CBD160B-EE2B-4C0D-A429-B1CFD581BAE2}"
EndProject
Project("{FAE04EC0-301F-11D3-BF4B-00C04F79EFBC}") = "Bm2s.Data.Reporting", "Bm2s.Data.Reporting\Bm2s.Data.Reporting.csproj", "{1B11C219-E96B-4F6F-881D-6193EA2D519F}"
EndProject
Project("{FAE04EC0-301F-11D3-BF4B-00C04F79EFBC}") = "Bm2s.Data.Utils", "Bm2s.Data.Utils\Bm2s.Data.Utils.csproj", "{41248FD4-C3BF-4462-9A23-8795D30C7214}"
EndProject
Project("{FAE04EC0-301F-11D3-BF4B-00C04F79EFBC}") = "Bm2s.Services.Common", "Bm2s.Services.Common\Bm2s.Services.Common.csproj", "{E100D2CF-B779-4EA1-B0DE-82F5C9D42AB2}"
EndProject
Project("{FAE04EC0-301F-11D3-BF4B-00C04F79EFBC}") = "Bm2s.Services.POS", "Bm2s.Services.POS\Bm2s.Services.POS.csproj", "{078C4B86-7666-4E9F-B6D1-A0CA90DA4762}"
EndProject
Project("{FAE04EC0-301F-11D3-BF4B-00C04F79EFBC}") = "Bm2s.Services.Project", "Bm2s.Services.Project\Bm2s.Services.Project.csproj", "{567DAF10-1D00-4C0B-BF16-7F69A3A48E40}"
EndProject
Project("{FAE04EC0-301F-11D3-BF4B-00C04F79EFBC}") = "Bm2s.Services.Reporting", "Bm2s.Services.Reporting\Bm2s.Services.Reporting.csproj", "{0F78A9A0-1AE2-4ED9-B805-8A1385879794}"
EndProject
Project("{FAE04EC0-301F-11D3-BF4B-00C04F79EFBC}") = "Bm2s.Poco.Common", "Bm2s.Poco.Common\Bm2s.Poco.Common.csproj", "{DDF41CB4-61B7-453D-8170-722962846E1B}"
EndProject
Project("{FAE04EC0-301F-11D3-BF4B-00C04F79EFBC}") = "Bm2s.Connectivity.Utils", "Bm2s.Connectivity.Utils\Bm2s.Connectivity.Utils.csproj", "{03F3D9E3-DEC2-4F69-A875-FCF8A74DE423}"
EndProject
Project("{2150E333-8FDC-42A3-9474-1A3956D46DE8}") = "Connectivity", "Connectivity", "{625BCAE3-1685-42BB-B0E4-FF5A86E36D3A}"
EndProject
Project("{2150E333-8FDC-42A3-9474-1A3956D46DE8}") = "Data", "Data", "{AECF747F-0395-4E01-ABED-D118EEDA7466}"
EndProject
Project("{2150E333-8FDC-42A3-9474-1A3956D46DE8}") = "Services", "Services", "{F14A9BAE-8DD1-49EC-B10F-901F70C2DB73}"
EndProject
Project("{2150E333-8FDC-42A3-9474-1A3956D46DE8}") = "Poco", "Poco", "{A7596337-DAF6-4E96-8C62-6ACFC1050138}"
EndProject
Project("{FAE04EC0-301F-11D3-BF4B-00C04F79EFBC}") = "Bm2s.Client.Test", "Bm2s.Client.Test\Bm2s.Client.Test.csproj", "{27C96118-3639-42AC-8189-DE95802724F7}"
EndProject
Project("{FAE04EC0-301F-11D3-BF4B-00C04F79EFBC}") = "Bm2s.Connectivity.Common", "Bm2s.Connectivity.Common\Bm2s.Connectivity.Common.csproj", "{CFB6FAE2-DE21-44E4-9E8E-D240BA0C221D}"
EndProject
Project("{2150E333-8FDC-42A3-9474-1A3956D46DE8}") = "Response", "Response", "{719191E8-179A-44AF-93FA-B90F4525DE7C}"
EndProject
Project("{FAE04EC0-301F-11D3-BF4B-00C04F79EFBC}") = "Bm2s.Response.Common", "Bm2s.Response.Common\Bm2s.Response.Common.csproj", "{DCA56C1D-B180-49ED-935F-0D129C128CD3}"
EndProject
Project("{2150E333-8FDC-42A3-9474-1A3956D46DE8}") = "Test", "Test", "{109856A3-8833-45B6-9F4D-8D4573870D63}"
EndProject
Project("{FAE04EC0-301F-11D3-BF4B-00C04F79EFBC}") = "Bm2s.Response", "Bm2s.Response\Bm2s.Response.csproj", "{D37A62CC-E7F4-4399-9C60-E327C6936BC9}"
EndProject
Project("{FAE04EC0-301F-11D3-BF4B-00C04F79EFBC}") = "Bm2s.Services", "Bm2s.Services\Bm2s.Services.csproj", "{A3FB4471-C100-4B84-B104-19C025597322}"
EndProject
Project("{FAE04EC0-301F-11D3-BF4B-00C04F79EFBC}") = "Bm2s.Service", "Bm2s.Service\Bm2s.Service.csproj", "{586A1277-CDD9-46C0-92B7-BD22BD2912A5}"
EndProject
Global
	GlobalSection(SolutionConfigurationPlatforms) = preSolution
		Debug|Any CPU = Debug|Any CPU
		Debug|x64 = Debug|x64
		Debug|x86 = Debug|x86
		Release|Any CPU = Release|Any CPU
		Release|x64 = Release|x64
		Release|x86 = Release|x86
	EndGlobalSection
	GlobalSection(ProjectConfigurationPlatforms) = postSolution
		{01A1DC60-5F17-4570-BCD8-583836E6526A}.Debug|Any CPU.ActiveCfg = Debug|Any CPU
		{01A1DC60-5F17-4570-BCD8-583836E6526A}.Debug|Any CPU.Build.0 = Debug|Any CPU
		{01A1DC60-5F17-4570-BCD8-583836E6526A}.Debug|x64.ActiveCfg = Debug|x64
		{01A1DC60-5F17-4570-BCD8-583836E6526A}.Debug|x64.Build.0 = Debug|x64
		{01A1DC60-5F17-4570-BCD8-583836E6526A}.Debug|x86.ActiveCfg = Debug|x86
		{01A1DC60-5F17-4570-BCD8-583836E6526A}.Debug|x86.Build.0 = Debug|x86
		{01A1DC60-5F17-4570-BCD8-583836E6526A}.Release|Any CPU.ActiveCfg = Release|Any CPU
		{01A1DC60-5F17-4570-BCD8-583836E6526A}.Release|Any CPU.Build.0 = Release|Any CPU
		{01A1DC60-5F17-4570-BCD8-583836E6526A}.Release|x64.ActiveCfg = Release|x64
		{01A1DC60-5F17-4570-BCD8-583836E6526A}.Release|x64.Build.0 = Release|x64
		{01A1DC60-5F17-4570-BCD8-583836E6526A}.Release|x86.ActiveCfg = Release|x86
		{01A1DC60-5F17-4570-BCD8-583836E6526A}.Release|x86.Build.0 = Release|x86
		{794DBDC4-A28E-488E-90BC-79526943B5DB}.Debug|Any CPU.ActiveCfg = Debug|Any CPU
		{794DBDC4-A28E-488E-90BC-79526943B5DB}.Debug|Any CPU.Build.0 = Debug|Any CPU
		{794DBDC4-A28E-488E-90BC-79526943B5DB}.Debug|x64.ActiveCfg = Debug|x64
		{794DBDC4-A28E-488E-90BC-79526943B5DB}.Debug|x64.Build.0 = Debug|x64
		{794DBDC4-A28E-488E-90BC-79526943B5DB}.Debug|x86.ActiveCfg = Debug|x86
		{794DBDC4-A28E-488E-90BC-79526943B5DB}.Debug|x86.Build.0 = Debug|x86
		{794DBDC4-A28E-488E-90BC-79526943B5DB}.Release|Any CPU.ActiveCfg = Release|Any CPU
		{794DBDC4-A28E-488E-90BC-79526943B5DB}.Release|Any CPU.Build.0 = Release|Any CPU
		{794DBDC4-A28E-488E-90BC-79526943B5DB}.Release|x64.ActiveCfg = Release|x64
		{794DBDC4-A28E-488E-90BC-79526943B5DB}.Release|x64.Build.0 = Release|x64
		{794DBDC4-A28E-488E-90BC-79526943B5DB}.Release|x86.ActiveCfg = Release|x86
		{794DBDC4-A28E-488E-90BC-79526943B5DB}.Release|x86.Build.0 = Release|x86
		{1E8E6D58-0645-4097-B808-EA9B42692AD6}.Debug|Any CPU.ActiveCfg = Debug|Any CPU
		{1E8E6D58-0645-4097-B808-EA9B42692AD6}.Debug|Any CPU.Build.0 = Debug|Any CPU
		{1E8E6D58-0645-4097-B808-EA9B42692AD6}.Debug|x64.ActiveCfg = Debug|x64
		{1E8E6D58-0645-4097-B808-EA9B42692AD6}.Debug|x64.Build.0 = Debug|x64
		{1E8E6D58-0645-4097-B808-EA9B42692AD6}.Debug|x86.ActiveCfg = Debug|x86
		{1E8E6D58-0645-4097-B808-EA9B42692AD6}.Debug|x86.Build.0 = Debug|x86
		{1E8E6D58-0645-4097-B808-EA9B42692AD6}.Release|Any CPU.ActiveCfg = Release|Any CPU
		{1E8E6D58-0645-4097-B808-EA9B42692AD6}.Release|Any CPU.Build.0 = Release|Any CPU
		{1E8E6D58-0645-4097-B808-EA9B42692AD6}.Release|x64.ActiveCfg = Release|x64
		{1E8E6D58-0645-4097-B808-EA9B42692AD6}.Release|x64.Build.0 = Release|x64
		{1E8E6D58-0645-4097-B808-EA9B42692AD6}.Release|x86.ActiveCfg = Release|x86
		{1E8E6D58-0645-4097-B808-EA9B42692AD6}.Release|x86.Build.0 = Release|x86
		{3CBD160B-EE2B-4C0D-A429-B1CFD581BAE2}.Debug|Any CPU.ActiveCfg = Debug|Any CPU
		{3CBD160B-EE2B-4C0D-A429-B1CFD581BAE2}.Debug|Any CPU.Build.0 = Debug|Any CPU
		{3CBD160B-EE2B-4C0D-A429-B1CFD581BAE2}.Debug|x64.ActiveCfg = Debug|x64
		{3CBD160B-EE2B-4C0D-A429-B1CFD581BAE2}.Debug|x64.Build.0 = Debug|x64
		{3CBD160B-EE2B-4C0D-A429-B1CFD581BAE2}.Debug|x86.ActiveCfg = Debug|x86
		{3CBD160B-EE2B-4C0D-A429-B1CFD581BAE2}.Debug|x86.Build.0 = Debug|x86
		{3CBD160B-EE2B-4C0D-A429-B1CFD581BAE2}.Release|Any CPU.ActiveCfg = Release|Any CPU
		{3CBD160B-EE2B-4C0D-A429-B1CFD581BAE2}.Release|Any CPU.Build.0 = Release|Any CPU
		{3CBD160B-EE2B-4C0D-A429-B1CFD581BAE2}.Release|x64.ActiveCfg = Release|x64
		{3CBD160B-EE2B-4C0D-A429-B1CFD581BAE2}.Release|x64.Build.0 = Release|x64
		{3CBD160B-EE2B-4C0D-A429-B1CFD581BAE2}.Release|x86.ActiveCfg = Release|x86
		{3CBD160B-EE2B-4C0D-A429-B1CFD581BAE2}.Release|x86.Build.0 = Release|x86
		{1B11C219-E96B-4F6F-881D-6193EA2D519F}.Debug|Any CPU.ActiveCfg = Debug|Any CPU
		{1B11C219-E96B-4F6F-881D-6193EA2D519F}.Debug|Any CPU.Build.0 = Debug|Any CPU
		{1B11C219-E96B-4F6F-881D-6193EA2D519F}.Debug|x64.ActiveCfg = Debug|x64
		{1B11C219-E96B-4F6F-881D-6193EA2D519F}.Debug|x64.Build.0 = Debug|x64
		{1B11C219-E96B-4F6F-881D-6193EA2D519F}.Debug|x86.ActiveCfg = Debug|x86
		{1B11C219-E96B-4F6F-881D-6193EA2D519F}.Debug|x86.Build.0 = Debug|x86
		{1B11C219-E96B-4F6F-881D-6193EA2D519F}.Release|Any CPU.ActiveCfg = Release|Any CPU
		{1B11C219-E96B-4F6F-881D-6193EA2D519F}.Release|Any CPU.Build.0 = Release|Any CPU
		{1B11C219-E96B-4F6F-881D-6193EA2D519F}.Release|x64.ActiveCfg = Release|x64
		{1B11C219-E96B-4F6F-881D-6193EA2D519F}.Release|x64.Build.0 = Release|x64
		{1B11C219-E96B-4F6F-881D-6193EA2D519F}.Release|x86.ActiveCfg = Release|x86
		{1B11C219-E96B-4F6F-881D-6193EA2D519F}.Release|x86.Build.0 = Release|x86
		{41248FD4-C3BF-4462-9A23-8795D30C7214}.Debug|Any CPU.ActiveCfg = Debug|Any CPU
		{41248FD4-C3BF-4462-9A23-8795D30C7214}.Debug|Any CPU.Build.0 = Debug|Any CPU
		{41248FD4-C3BF-4462-9A23-8795D30C7214}.Debug|x64.ActiveCfg = Debug|x64
		{41248FD4-C3BF-4462-9A23-8795D30C7214}.Debug|x64.Build.0 = Debug|x64
		{41248FD4-C3BF-4462-9A23-8795D30C7214}.Debug|x86.ActiveCfg = Debug|x86
		{41248FD4-C3BF-4462-9A23-8795D30C7214}.Debug|x86.Build.0 = Debug|x86
		{41248FD4-C3BF-4462-9A23-8795D30C7214}.Release|Any CPU.ActiveCfg = Release|Any CPU
		{41248FD4-C3BF-4462-9A23-8795D30C7214}.Release|Any CPU.Build.0 = Release|Any CPU
		{41248FD4-C3BF-4462-9A23-8795D30C7214}.Release|x64.ActiveCfg = Release|x64
		{41248FD4-C3BF-4462-9A23-8795D30C7214}.Release|x64.Build.0 = Release|x64
		{41248FD4-C3BF-4462-9A23-8795D30C7214}.Release|x86.ActiveCfg = Release|x86
		{41248FD4-C3BF-4462-9A23-8795D30C7214}.Release|x86.Build.0 = Release|x86
		{E100D2CF-B779-4EA1-B0DE-82F5C9D42AB2}.Debug|Any CPU.ActiveCfg = Debug|Any CPU
		{E100D2CF-B779-4EA1-B0DE-82F5C9D42AB2}.Debug|Any CPU.Build.0 = Debug|Any CPU
		{E100D2CF-B779-4EA1-B0DE-82F5C9D42AB2}.Debug|x64.ActiveCfg = Debug|x64
		{E100D2CF-B779-4EA1-B0DE-82F5C9D42AB2}.Debug|x64.Build.0 = Debug|x64
		{E100D2CF-B779-4EA1-B0DE-82F5C9D42AB2}.Debug|x86.ActiveCfg = Debug|x86
		{E100D2CF-B779-4EA1-B0DE-82F5C9D42AB2}.Debug|x86.Build.0 = Debug|x86
		{E100D2CF-B779-4EA1-B0DE-82F5C9D42AB2}.Release|Any CPU.ActiveCfg = Release|Any CPU
		{E100D2CF-B779-4EA1-B0DE-82F5C9D42AB2}.Release|Any CPU.Build.0 = Release|Any CPU
		{E100D2CF-B779-4EA1-B0DE-82F5C9D42AB2}.Release|x64.ActiveCfg = Release|x64
		{E100D2CF-B779-4EA1-B0DE-82F5C9D42AB2}.Release|x64.Build.0 = Release|x64
		{E100D2CF-B779-4EA1-B0DE-82F5C9D42AB2}.Release|x86.ActiveCfg = Release|x86
		{E100D2CF-B779-4EA1-B0DE-82F5C9D42AB2}.Release|x86.Build.0 = Release|x86
		{078C4B86-7666-4E9F-B6D1-A0CA90DA4762}.Debug|Any CPU.ActiveCfg = Debug|Any CPU
		{078C4B86-7666-4E9F-B6D1-A0CA90DA4762}.Debug|Any CPU.Build.0 = Debug|Any CPU
		{078C4B86-7666-4E9F-B6D1-A0CA90DA4762}.Debug|x64.ActiveCfg = Debug|x64
		{078C4B86-7666-4E9F-B6D1-A0CA90DA4762}.Debug|x64.Build.0 = Debug|x64
		{078C4B86-7666-4E9F-B6D1-A0CA90DA4762}.Debug|x86.ActiveCfg = Debug|x86
		{078C4B86-7666-4E9F-B6D1-A0CA90DA4762}.Debug|x86.Build.0 = Debug|x86
		{078C4B86-7666-4E9F-B6D1-A0CA90DA4762}.Release|Any CPU.ActiveCfg = Release|Any CPU
		{078C4B86-7666-4E9F-B6D1-A0CA90DA4762}.Release|Any CPU.Build.0 = Release|Any CPU
		{078C4B86-7666-4E9F-B6D1-A0CA90DA4762}.Release|x64.ActiveCfg = Release|x64
		{078C4B86-7666-4E9F-B6D1-A0CA90DA4762}.Release|x64.Build.0 = Release|x64
		{078C4B86-7666-4E9F-B6D1-A0CA90DA4762}.Release|x86.ActiveCfg = Release|x86
		{078C4B86-7666-4E9F-B6D1-A0CA90DA4762}.Release|x86.Build.0 = Release|x86
		{567DAF10-1D00-4C0B-BF16-7F69A3A48E40}.Debug|Any CPU.ActiveCfg = Debug|Any CPU
		{567DAF10-1D00-4C0B-BF16-7F69A3A48E40}.Debug|Any CPU.Build.0 = Debug|Any CPU
		{567DAF10-1D00-4C0B-BF16-7F69A3A48E40}.Debug|x64.ActiveCfg = Debug|x64
		{567DAF10-1D00-4C0B-BF16-7F69A3A48E40}.Debug|x64.Build.0 = Debug|x64
		{567DAF10-1D00-4C0B-BF16-7F69A3A48E40}.Debug|x86.ActiveCfg = Debug|x86
		{567DAF10-1D00-4C0B-BF16-7F69A3A48E40}.Debug|x86.Build.0 = Debug|x86
		{567DAF10-1D00-4C0B-BF16-7F69A3A48E40}.Release|Any CPU.ActiveCfg = Release|Any CPU
		{567DAF10-1D00-4C0B-BF16-7F69A3A48E40}.Release|Any CPU.Build.0 = Release|Any CPU
		{567DAF10-1D00-4C0B-BF16-7F69A3A48E40}.Release|x64.ActiveCfg = Release|x64
		{567DAF10-1D00-4C0B-BF16-7F69A3A48E40}.Release|x64.Build.0 = Release|x64
		{567DAF10-1D00-4C0B-BF16-7F69A3A48E40}.Release|x86.ActiveCfg = Release|x86
		{567DAF10-1D00-4C0B-BF16-7F69A3A48E40}.Release|x86.Build.0 = Release|x86
		{0F78A9A0-1AE2-4ED9-B805-8A1385879794}.Debug|Any CPU.ActiveCfg = Debug|Any CPU
		{0F78A9A0-1AE2-4ED9-B805-8A1385879794}.Debug|Any CPU.Build.0 = Debug|Any CPU
		{0F78A9A0-1AE2-4ED9-B805-8A1385879794}.Debug|x64.ActiveCfg = Debug|x64
		{0F78A9A0-1AE2-4ED9-B805-8A1385879794}.Debug|x64.Build.0 = Debug|x64
		{0F78A9A0-1AE2-4ED9-B805-8A1385879794}.Debug|x86.ActiveCfg = Debug|x86
		{0F78A9A0-1AE2-4ED9-B805-8A1385879794}.Debug|x86.Build.0 = Debug|x86
		{0F78A9A0-1AE2-4ED9-B805-8A1385879794}.Release|Any CPU.ActiveCfg = Release|Any CPU
		{0F78A9A0-1AE2-4ED9-B805-8A1385879794}.Release|Any CPU.Build.0 = Release|Any CPU
		{0F78A9A0-1AE2-4ED9-B805-8A1385879794}.Release|x64.ActiveCfg = Release|x64
		{0F78A9A0-1AE2-4ED9-B805-8A1385879794}.Release|x64.Build.0 = Release|x64
		{0F78A9A0-1AE2-4ED9-B805-8A1385879794}.Release|x86.ActiveCfg = Release|x86
		{0F78A9A0-1AE2-4ED9-B805-8A1385879794}.Release|x86.Build.0 = Release|x86
		{DDF41CB4-61B7-453D-8170-722962846E1B}.Debug|Any CPU.ActiveCfg = Debug|Any CPU
		{DDF41CB4-61B7-453D-8170-722962846E1B}.Debug|Any CPU.Build.0 = Debug|Any CPU
		{DDF41CB4-61B7-453D-8170-722962846E1B}.Debug|x64.ActiveCfg = Debug|x64
		{DDF41CB4-61B7-453D-8170-722962846E1B}.Debug|x64.Build.0 = Debug|x64
		{DDF41CB4-61B7-453D-8170-722962846E1B}.Debug|x86.ActiveCfg = Debug|x86
		{DDF41CB4-61B7-453D-8170-722962846E1B}.Debug|x86.Build.0 = Debug|x86
		{DDF41CB4-61B7-453D-8170-722962846E1B}.Release|Any CPU.ActiveCfg = Release|Any CPU
		{DDF41CB4-61B7-453D-8170-722962846E1B}.Release|Any CPU.Build.0 = Release|Any CPU
		{DDF41CB4-61B7-453D-8170-722962846E1B}.Release|x64.ActiveCfg = Release|x64
		{DDF41CB4-61B7-453D-8170-722962846E1B}.Release|x64.Build.0 = Release|x64
		{DDF41CB4-61B7-453D-8170-722962846E1B}.Release|x86.ActiveCfg = Release|x86
		{DDF41CB4-61B7-453D-8170-722962846E1B}.Release|x86.Build.0 = Release|x86
		{03F3D9E3-DEC2-4F69-A875-FCF8A74DE423}.Debug|Any CPU.ActiveCfg = Debug|Any CPU
		{03F3D9E3-DEC2-4F69-A875-FCF8A74DE423}.Debug|Any CPU.Build.0 = Debug|Any CPU
		{03F3D9E3-DEC2-4F69-A875-FCF8A74DE423}.Debug|x64.ActiveCfg = Debug|x64
		{03F3D9E3-DEC2-4F69-A875-FCF8A74DE423}.Debug|x64.Build.0 = Debug|x64
		{03F3D9E3-DEC2-4F69-A875-FCF8A74DE423}.Debug|x86.ActiveCfg = Debug|x86
		{03F3D9E3-DEC2-4F69-A875-FCF8A74DE423}.Debug|x86.Build.0 = Debug|x86
		{03F3D9E3-DEC2-4F69-A875-FCF8A74DE423}.Release|Any CPU.ActiveCfg = Release|Any CPU
		{03F3D9E3-DEC2-4F69-A875-FCF8A74DE423}.Release|Any CPU.Build.0 = Release|Any CPU
		{03F3D9E3-DEC2-4F69-A875-FCF8A74DE423}.Release|x64.ActiveCfg = Release|x64
		{03F3D9E3-DEC2-4F69-A875-FCF8A74DE423}.Release|x64.Build.0 = Release|x64
		{03F3D9E3-DEC2-4F69-A875-FCF8A74DE423}.Release|x86.ActiveCfg = Release|x86
		{03F3D9E3-DEC2-4F69-A875-FCF8A74DE423}.Release|x86.Build.0 = Release|x86
		{27C96118-3639-42AC-8189-DE95802724F7}.Debug|Any CPU.ActiveCfg = Debug|Any CPU
		{27C96118-3639-42AC-8189-DE95802724F7}.Debug|Any CPU.Build.0 = Debug|Any CPU
		{27C96118-3639-42AC-8189-DE95802724F7}.Debug|x64.ActiveCfg = Debug|x64
		{27C96118-3639-42AC-8189-DE95802724F7}.Debug|x64.Build.0 = Debug|x64
		{27C96118-3639-42AC-8189-DE95802724F7}.Debug|x86.ActiveCfg = Debug|x86
		{27C96118-3639-42AC-8189-DE95802724F7}.Debug|x86.Build.0 = Debug|x86
		{27C96118-3639-42AC-8189-DE95802724F7}.Release|Any CPU.ActiveCfg = Release|Any CPU
		{27C96118-3639-42AC-8189-DE95802724F7}.Release|Any CPU.Build.0 = Release|Any CPU
		{27C96118-3639-42AC-8189-DE95802724F7}.Release|x64.ActiveCfg = Release|x64
		{27C96118-3639-42AC-8189-DE95802724F7}.Release|x64.Build.0 = Release|x64
		{27C96118-3639-42AC-8189-DE95802724F7}.Release|x86.ActiveCfg = Release|x86
		{27C96118-3639-42AC-8189-DE95802724F7}.Release|x86.Build.0 = Release|x86
		{CFB6FAE2-DE21-44E4-9E8E-D240BA0C221D}.Debug|Any CPU.ActiveCfg = Debug|Any CPU
		{CFB6FAE2-DE21-44E4-9E8E-D240BA0C221D}.Debug|Any CPU.Build.0 = Debug|Any CPU
		{CFB6FAE2-DE21-44E4-9E8E-D240BA0C221D}.Debug|x64.ActiveCfg = Debug|x64
		{CFB6FAE2-DE21-44E4-9E8E-D240BA0C221D}.Debug|x64.Build.0 = Debug|x64
		{CFB6FAE2-DE21-44E4-9E8E-D240BA0C221D}.Debug|x86.ActiveCfg = Debug|x86
		{CFB6FAE2-DE21-44E4-9E8E-D240BA0C221D}.Debug|x86.Build.0 = Debug|x86
		{CFB6FAE2-DE21-44E4-9E8E-D240BA0C221D}.Release|Any CPU.ActiveCfg = Release|Any CPU
		{CFB6FAE2-DE21-44E4-9E8E-D240BA0C221D}.Release|Any CPU.Build.0 = Release|Any CPU
		{CFB6FAE2-DE21-44E4-9E8E-D240BA0C221D}.Release|x64.ActiveCfg = Release|x64
		{CFB6FAE2-DE21-44E4-9E8E-D240BA0C221D}.Release|x64.Build.0 = Release|x64
		{CFB6FAE2-DE21-44E4-9E8E-D240BA0C221D}.Release|x86.ActiveCfg = Release|x86
		{CFB6FAE2-DE21-44E4-9E8E-D240BA0C221D}.Release|x86.Build.0 = Release|x86
		{DCA56C1D-B180-49ED-935F-0D129C128CD3}.Debug|Any CPU.ActiveCfg = Debug|Any CPU
		{DCA56C1D-B180-49ED-935F-0D129C128CD3}.Debug|Any CPU.Build.0 = Debug|Any CPU
		{DCA56C1D-B180-49ED-935F-0D129C128CD3}.Debug|x64.ActiveCfg = Debug|x64
		{DCA56C1D-B180-49ED-935F-0D129C128CD3}.Debug|x64.Build.0 = Debug|x64
		{DCA56C1D-B180-49ED-935F-0D129C128CD3}.Debug|x86.ActiveCfg = Debug|x86
		{DCA56C1D-B180-49ED-935F-0D129C128CD3}.Debug|x86.Build.0 = Debug|x86
		{DCA56C1D-B180-49ED-935F-0D129C128CD3}.Release|Any CPU.ActiveCfg = Release|Any CPU
		{DCA56C1D-B180-49ED-935F-0D129C128CD3}.Release|Any CPU.Build.0 = Release|Any CPU
		{DCA56C1D-B180-49ED-935F-0D129C128CD3}.Release|x64.ActiveCfg = Release|x64
		{DCA56C1D-B180-49ED-935F-0D129C128CD3}.Release|x64.Build.0 = Release|x64
		{DCA56C1D-B180-49ED-935F-0D129C128CD3}.Release|x86.ActiveCfg = Release|x86
		{DCA56C1D-B180-49ED-935F-0D129C128CD3}.Release|x86.Build.0 = Release|x86
		{D37A62CC-E7F4-4399-9C60-E327C6936BC9}.Debug|Any CPU.ActiveCfg = Debug|Any CPU
		{D37A62CC-E7F4-4399-9C60-E327C6936BC9}.Debug|Any CPU.Build.0 = Debug|Any CPU
		{D37A62CC-E7F4-4399-9C60-E327C6936BC9}.Debug|x64.ActiveCfg = Debug|x64
		{D37A62CC-E7F4-4399-9C60-E327C6936BC9}.Debug|x64.Build.0 = Debug|x64
		{D37A62CC-E7F4-4399-9C60-E327C6936BC9}.Debug|x86.ActiveCfg = Debug|x86
		{D37A62CC-E7F4-4399-9C60-E327C6936BC9}.Debug|x86.Build.0 = Debug|x86
		{D37A62CC-E7F4-4399-9C60-E327C6936BC9}.Release|Any CPU.ActiveCfg = Release|Any CPU
		{D37A62CC-E7F4-4399-9C60-E327C6936BC9}.Release|Any CPU.Build.0 = Release|Any CPU
		{D37A62CC-E7F4-4399-9C60-E327C6936BC9}.Release|x64.ActiveCfg = Release|x64
		{D37A62CC-E7F4-4399-9C60-E327C6936BC9}.Release|x64.Build.0 = Release|x64
		{D37A62CC-E7F4-4399-9C60-E327C6936BC9}.Release|x86.ActiveCfg = Release|x86
		{D37A62CC-E7F4-4399-9C60-E327C6936BC9}.Release|x86.Build.0 = Release|x86
		{A3FB4471-C100-4B84-B104-19C025597322}.Debug|Any CPU.ActiveCfg = Debug|Any CPU
		{A3FB4471-C100-4B84-B104-19C025597322}.Debug|Any CPU.Build.0 = Debug|Any CPU
		{A3FB4471-C100-4B84-B104-19C025597322}.Debug|x64.ActiveCfg = Debug|x64
		{A3FB4471-C100-4B84-B104-19C025597322}.Debug|x64.Build.0 = Debug|x64
		{A3FB4471-C100-4B84-B104-19C025597322}.Debug|x86.ActiveCfg = Debug|x86
		{A3FB4471-C100-4B84-B104-19C025597322}.Debug|x86.Build.0 = Debug|x86
		{A3FB4471-C100-4B84-B104-19C025597322}.Release|Any CPU.ActiveCfg = Release|Any CPU
		{A3FB4471-C100-4B84-B104-19C025597322}.Release|Any CPU.Build.0 = Release|Any CPU
		{A3FB4471-C100-4B84-B104-19C025597322}.Release|x64.ActiveCfg = Release|x64
		{A3FB4471-C100-4B84-B104-19C025597322}.Release|x64.Build.0 = Release|x64
		{A3FB4471-C100-4B84-B104-19C025597322}.Release|x86.ActiveCfg = Release|x86
		{A3FB4471-C100-4B84-B104-19C025597322}.Release|x86.Build.0 = Release|x86
		{586A1277-CDD9-46C0-92B7-BD22BD2912A5}.Debug|Any CPU.ActiveCfg = Debug|Any CPU
		{586A1277-CDD9-46C0-92B7-BD22BD2912A5}.Debug|Any CPU.Build.0 = Debug|Any CPU
		{586A1277-CDD9-46C0-92B7-BD22BD2912A5}.Debug|x64.ActiveCfg = Debug|x64
		{586A1277-CDD9-46C0-92B7-BD22BD2912A5}.Debug|x64.Build.0 = Debug|x64
		{586A1277-CDD9-46C0-92B7-BD22BD2912A5}.Debug|x86.ActiveCfg = Debug|x86
		{586A1277-CDD9-46C0-92B7-BD22BD2912A5}.Debug|x86.Build.0 = Debug|x86
		{586A1277-CDD9-46C0-92B7-BD22BD2912A5}.Release|Any CPU.ActiveCfg = Release|Any CPU
		{586A1277-CDD9-46C0-92B7-BD22BD2912A5}.Release|Any CPU.Build.0 = Release|Any CPU
		{586A1277-CDD9-46C0-92B7-BD22BD2912A5}.Release|x64.ActiveCfg = Release|x86
		{586A1277-CDD9-46C0-92B7-BD22BD2912A5}.Release|x64.Build.0 = Release|x86
		{586A1277-CDD9-46C0-92B7-BD22BD2912A5}.Release|x86.ActiveCfg = Release|x86
		{586A1277-CDD9-46C0-92B7-BD22BD2912A5}.Release|x86.Build.0 = Release|x86
	EndGlobalSection
	GlobalSection(SolutionProperties) = preSolution
		HideSolutionNode = FALSE
	EndGlobalSection
	GlobalSection(NestedProjects) = preSolution
		{794DBDC4-A28E-488E-90BC-79526943B5DB} = {AECF747F-0395-4E01-ABED-D118EEDA7466}
		{1E8E6D58-0645-4097-B808-EA9B42692AD6} = {AECF747F-0395-4E01-ABED-D118EEDA7466}
		{3CBD160B-EE2B-4C0D-A429-B1CFD581BAE2} = {AECF747F-0395-4E01-ABED-D118EEDA7466}
		{1B11C219-E96B-4F6F-881D-6193EA2D519F} = {AECF747F-0395-4E01-ABED-D118EEDA7466}
		{41248FD4-C3BF-4462-9A23-8795D30C7214} = {AECF747F-0395-4E01-ABED-D118EEDA7466}
		{E100D2CF-B779-4EA1-B0DE-82F5C9D42AB2} = {F14A9BAE-8DD1-49EC-B10F-901F70C2DB73}
		{078C4B86-7666-4E9F-B6D1-A0CA90DA4762} = {F14A9BAE-8DD1-49EC-B10F-901F70C2DB73}
		{567DAF10-1D00-4C0B-BF16-7F69A3A48E40} = {F14A9BAE-8DD1-49EC-B10F-901F70C2DB73}
		{0F78A9A0-1AE2-4ED9-B805-8A1385879794} = {F14A9BAE-8DD1-49EC-B10F-901F70C2DB73}
		{DDF41CB4-61B7-453D-8170-722962846E1B} = {A7596337-DAF6-4E96-8C62-6ACFC1050138}
		{03F3D9E3-DEC2-4F69-A875-FCF8A74DE423} = {625BCAE3-1685-42BB-B0E4-FF5A86E36D3A}
		{27C96118-3639-42AC-8189-DE95802724F7} = {109856A3-8833-45B6-9F4D-8D4573870D63}
		{CFB6FAE2-DE21-44E4-9E8E-D240BA0C221D} = {625BCAE3-1685-42BB-B0E4-FF5A86E36D3A}
		{DCA56C1D-B180-49ED-935F-0D129C128CD3} = {719191E8-179A-44AF-93FA-B90F4525DE7C}
		{D37A62CC-E7F4-4399-9C60-E327C6936BC9} = {719191E8-179A-44AF-93FA-B90F4525DE7C}
		{A3FB4471-C100-4B84-B104-19C025597322} = {F14A9BAE-8DD1-49EC-B10F-901F70C2DB73}
	EndGlobalSection
EndGlobal
