
Microsoft Visual Studio Solution File, Format Version 12.00
# Visual Studio 2013
VisualStudioVersion = 12.0.40629.0
MinimumVisualStudioVersion = 10.0.40219.1
Project("{FAE04EC0-301F-11D3-BF4B-00C04F79EFBC}") = "Bm2s.Server", "Bm2s.Server\Bm2s.Server.csproj", "{01A1DC60-5F17-4570-BCD8-583836E6526A}"
EndProject
Project("{FAE04EC0-301F-11D3-BF4B-00C04F79EFBC}") = "Bm2s.Data.Common", "Bm2s.Data.Common\Bm2s.Data.Common.csproj", "{794DBDC4-A28E-488E-90BC-79526943B5DB}"
EndProject
Project("{FAE04EC0-301F-11D3-BF4B-00C04F79EFBC}") = "Bm2s.Data.POS", "Bm2s.Data.POS\Bm2s.Data.POS.csproj", "{1E8E6D58-0645-4097-B808-EA9B42692AD6}"
EndProject
Project("{2150E333-8FDC-42A3-9474-1A3956D46DE8}") = "Solution Items", "Solution Items", "{C4668311-1F39-4D91-9445-D4748A8362F3}"
	ProjectSection(SolutionItems) = preProject
		README.md = README.md
	EndProjectSection
EndProject
Project("{FAE04EC0-301F-11D3-BF4B-00C04F79EFBC}") = "Bm2s.Data.Project", "Bm2s.Data.Project\Bm2s.Data.Project.csproj", "{3CBD160B-EE2B-4C0D-A429-B1CFD581BAE2}"
EndProject
Project("{FAE04EC0-301F-11D3-BF4B-00C04F79EFBC}") = "Bm2s.Data.Reporting", "Bm2s.Data.Reporting\Bm2s.Data.Reporting.csproj", "{1B11C219-E96B-4F6F-881D-6193EA2D519F}"
EndProject
Project("{FAE04EC0-301F-11D3-BF4B-00C04F79EFBC}") = "Bm2s.Data.Utils", "Bm2s.Data.Utils\Bm2s.Data.Utils.csproj", "{41248FD4-C3BF-4462-9A23-8795D30C7214}"
EndProject
Project("{FAE04EC0-301F-11D3-BF4B-00C04F79EFBC}") = "Bm2s.Web.Utils", "Bm2s.Web.Utils\Bm2s.Web.Utils.csproj", "{4F295791-6FB8-4269-8829-418552D07FAF}"
EndProject
Project("{FAE04EC0-301F-11D3-BF4B-00C04F79EFBC}") = "Bm2s.Services.Common", "Bm2s.Services.Common\Bm2s.Services.Common.csproj", "{E100D2CF-B779-4EA1-B0DE-82F5C9D42AB2}"
EndProject
Project("{FAE04EC0-301F-11D3-BF4B-00C04F79EFBC}") = "Bm2s.Services.POS", "Bm2s.Services.POS\Bm2s.Services.POS.csproj", "{078C4B86-7666-4E9F-B6D1-A0CA90DA4762}"
EndProject
Project("{FAE04EC0-301F-11D3-BF4B-00C04F79EFBC}") = "Bm2s.Services.Project", "Bm2s.Services.Project\Bm2s.Services.Project.csproj", "{567DAF10-1D00-4C0B-BF16-7F69A3A48E40}"
EndProject
Project("{FAE04EC0-301F-11D3-BF4B-00C04F79EFBC}") = "Bm2s.Services.Reporting", "Bm2s.Services.Reporting\Bm2s.Services.Reporting.csproj", "{0F78A9A0-1AE2-4ED9-B805-8A1385879794}"
EndProject
Global
	GlobalSection(SolutionConfigurationPlatforms) = preSolution
		Debug|Any CPU = Debug|Any CPU
		Release|Any CPU = Release|Any CPU
	EndGlobalSection
	GlobalSection(ProjectConfigurationPlatforms) = postSolution
		{01A1DC60-5F17-4570-BCD8-583836E6526A}.Debug|Any CPU.ActiveCfg = Debug|Any CPU
		{01A1DC60-5F17-4570-BCD8-583836E6526A}.Debug|Any CPU.Build.0 = Debug|Any CPU
		{01A1DC60-5F17-4570-BCD8-583836E6526A}.Release|Any CPU.ActiveCfg = Release|Any CPU
		{01A1DC60-5F17-4570-BCD8-583836E6526A}.Release|Any CPU.Build.0 = Release|Any CPU
		{794DBDC4-A28E-488E-90BC-79526943B5DB}.Debug|Any CPU.ActiveCfg = Debug|Any CPU
		{794DBDC4-A28E-488E-90BC-79526943B5DB}.Debug|Any CPU.Build.0 = Debug|Any CPU
		{794DBDC4-A28E-488E-90BC-79526943B5DB}.Release|Any CPU.ActiveCfg = Release|Any CPU
		{794DBDC4-A28E-488E-90BC-79526943B5DB}.Release|Any CPU.Build.0 = Release|Any CPU
		{1E8E6D58-0645-4097-B808-EA9B42692AD6}.Debug|Any CPU.ActiveCfg = Debug|Any CPU
		{1E8E6D58-0645-4097-B808-EA9B42692AD6}.Debug|Any CPU.Build.0 = Debug|Any CPU
		{1E8E6D58-0645-4097-B808-EA9B42692AD6}.Release|Any CPU.ActiveCfg = Release|Any CPU
		{1E8E6D58-0645-4097-B808-EA9B42692AD6}.Release|Any CPU.Build.0 = Release|Any CPU
		{3CBD160B-EE2B-4C0D-A429-B1CFD581BAE2}.Debug|Any CPU.ActiveCfg = Debug|Any CPU
		{3CBD160B-EE2B-4C0D-A429-B1CFD581BAE2}.Debug|Any CPU.Build.0 = Debug|Any CPU
		{3CBD160B-EE2B-4C0D-A429-B1CFD581BAE2}.Release|Any CPU.ActiveCfg = Release|Any CPU
		{3CBD160B-EE2B-4C0D-A429-B1CFD581BAE2}.Release|Any CPU.Build.0 = Release|Any CPU
		{1B11C219-E96B-4F6F-881D-6193EA2D519F}.Debug|Any CPU.ActiveCfg = Debug|Any CPU
		{1B11C219-E96B-4F6F-881D-6193EA2D519F}.Debug|Any CPU.Build.0 = Debug|Any CPU
		{1B11C219-E96B-4F6F-881D-6193EA2D519F}.Release|Any CPU.ActiveCfg = Release|Any CPU
		{1B11C219-E96B-4F6F-881D-6193EA2D519F}.Release|Any CPU.Build.0 = Release|Any CPU
		{41248FD4-C3BF-4462-9A23-8795D30C7214}.Debug|Any CPU.ActiveCfg = Debug|Any CPU
		{41248FD4-C3BF-4462-9A23-8795D30C7214}.Debug|Any CPU.Build.0 = Debug|Any CPU
		{41248FD4-C3BF-4462-9A23-8795D30C7214}.Release|Any CPU.ActiveCfg = Release|Any CPU
		{41248FD4-C3BF-4462-9A23-8795D30C7214}.Release|Any CPU.Build.0 = Release|Any CPU
		{4F295791-6FB8-4269-8829-418552D07FAF}.Debug|Any CPU.ActiveCfg = Debug|Any CPU
		{4F295791-6FB8-4269-8829-418552D07FAF}.Debug|Any CPU.Build.0 = Debug|Any CPU
		{4F295791-6FB8-4269-8829-418552D07FAF}.Release|Any CPU.ActiveCfg = Release|Any CPU
		{4F295791-6FB8-4269-8829-418552D07FAF}.Release|Any CPU.Build.0 = Release|Any CPU
		{E100D2CF-B779-4EA1-B0DE-82F5C9D42AB2}.Debug|Any CPU.ActiveCfg = Debug|Any CPU
		{E100D2CF-B779-4EA1-B0DE-82F5C9D42AB2}.Debug|Any CPU.Build.0 = Debug|Any CPU
		{E100D2CF-B779-4EA1-B0DE-82F5C9D42AB2}.Release|Any CPU.ActiveCfg = Release|Any CPU
		{E100D2CF-B779-4EA1-B0DE-82F5C9D42AB2}.Release|Any CPU.Build.0 = Release|Any CPU
		{078C4B86-7666-4E9F-B6D1-A0CA90DA4762}.Debug|Any CPU.ActiveCfg = Debug|Any CPU
		{078C4B86-7666-4E9F-B6D1-A0CA90DA4762}.Debug|Any CPU.Build.0 = Debug|Any CPU
		{078C4B86-7666-4E9F-B6D1-A0CA90DA4762}.Release|Any CPU.ActiveCfg = Release|Any CPU
		{078C4B86-7666-4E9F-B6D1-A0CA90DA4762}.Release|Any CPU.Build.0 = Release|Any CPU
		{567DAF10-1D00-4C0B-BF16-7F69A3A48E40}.Debug|Any CPU.ActiveCfg = Debug|Any CPU
		{567DAF10-1D00-4C0B-BF16-7F69A3A48E40}.Debug|Any CPU.Build.0 = Debug|Any CPU
		{567DAF10-1D00-4C0B-BF16-7F69A3A48E40}.Release|Any CPU.ActiveCfg = Release|Any CPU
		{567DAF10-1D00-4C0B-BF16-7F69A3A48E40}.Release|Any CPU.Build.0 = Release|Any CPU
		{0F78A9A0-1AE2-4ED9-B805-8A1385879794}.Debug|Any CPU.ActiveCfg = Debug|Any CPU
		{0F78A9A0-1AE2-4ED9-B805-8A1385879794}.Debug|Any CPU.Build.0 = Debug|Any CPU
		{0F78A9A0-1AE2-4ED9-B805-8A1385879794}.Release|Any CPU.ActiveCfg = Release|Any CPU
		{0F78A9A0-1AE2-4ED9-B805-8A1385879794}.Release|Any CPU.Build.0 = Release|Any CPU
	EndGlobalSection
	GlobalSection(SolutionProperties) = preSolution
		HideSolutionNode = FALSE
	EndGlobalSection
EndGlobal
